
Microsoft Visual Studio Solution File, Format Version 12.00
# Visual Studio Version 16
VisualStudioVersion = 16.0.31829.152
MinimumVisualStudioVersion = 10.0.40219.1
Project("{FAE04EC0-301F-11D3-BF4B-00C04F79EFBC}") = "WindowsFormsApp1", "WindowsFormsApp1\WindowsFormsApp1.csproj", "{304013F6-CB89-4053-A426-ED0430C37705}"
EndProject
Global
	GlobalSection(SolutionConfigurationPlatforms) = preSolution
		Debug|Any CPU = Debug|Any CPU
		Release|Any CPU = Release|Any CPU
	EndGlobalSection
	GlobalSection(ProjectConfigurationPlatforms) = postSolution
		{304013F6-CB89-4053-A426-ED0430C37705}.Debug|Any CPU.ActiveCfg = Debug|Any CPU
		{304013F6-CB89-4053-A426-ED0430C37705}.Debug|Any CPU.Build.0 = Debug|Any CPU
		{304013F6-CB89-4053-A426-ED0430C37705}.Release|Any CPU.ActiveCfg = Release|Any CPU
		{304013F6-CB89-4053-A426-ED0430C37705}.Release|Any CPU.Build.0 = Release|Any CPU
	EndGlobalSection
	GlobalSection(SolutionProperties) = preSolution
		HideSolutionNode = FALSE
	EndGlobalSection
	GlobalSection(ExtensibilityGlobals) = postSolution
		SolutionGuid = {F6695959-811A-4A18-B8BC-399DD803129E}
	EndGlobalSection
EndGlobal
